
Microsoft Visual Studio Solution File, Format Version 12.00
# Visual Studio 15
VisualStudioVersion = 15.0.28010.2050
MinimumVisualStudioVersion = 10.0.40219.1
Project("{FAE04EC0-301F-11D3-BF4B-00C04F79EFBC}") = "Collections Participation", "Collections Participation\Collections Participation.csproj", "{5ECC5BD5-D861-44E2-AC52-5C1C548E0276}"
EndProject
Global
	GlobalSection(SolutionConfigurationPlatforms) = preSolution
		Debug|Any CPU = Debug|Any CPU
		Release|Any CPU = Release|Any CPU
	EndGlobalSection
	GlobalSection(ProjectConfigurationPlatforms) = postSolution
		{5ECC5BD5-D861-44E2-AC52-5C1C548E0276}.Debug|Any CPU.ActiveCfg = Debug|Any CPU
		{5ECC5BD5-D861-44E2-AC52-5C1C548E0276}.Debug|Any CPU.Build.0 = Debug|Any CPU
		{5ECC5BD5-D861-44E2-AC52-5C1C548E0276}.Release|Any CPU.ActiveCfg = Release|Any CPU
		{5ECC5BD5-D861-44E2-AC52-5C1C548E0276}.Release|Any CPU.Build.0 = Release|Any CPU
	EndGlobalSection
	GlobalSection(SolutionProperties) = preSolution
		HideSolutionNode = FALSE
	EndGlobalSection
	GlobalSection(ExtensibilityGlobals) = postSolution
		SolutionGuid = {09474F81-AD58-4733-A83D-591100EDBDD4}
	EndGlobalSection
EndGlobal
