
Microsoft Visual Studio Solution File, Format Version 12.00
# Visual Studio 15
VisualStudioVersion = 15.0.28010.2050
MinimumVisualStudioVersion = 10.0.40219.1
Project("{FAE04EC0-301F-11D3-BF4B-00C04F79EFBC}") = "ConditionalCoinFlipLoop", "ConditionalCoinFlipLoop\ConditionalCoinFlipLoop.csproj", "{DF727102-82EA-4DE0-A6CC-56ADC57E8B6D}"
EndProject
Global
	GlobalSection(SolutionConfigurationPlatforms) = preSolution
		Debug|Any CPU = Debug|Any CPU
		Release|Any CPU = Release|Any CPU
	EndGlobalSection
	GlobalSection(ProjectConfigurationPlatforms) = postSolution
		{DF727102-82EA-4DE0-A6CC-56ADC57E8B6D}.Debug|Any CPU.ActiveCfg = Debug|Any CPU
		{DF727102-82EA-4DE0-A6CC-56ADC57E8B6D}.Debug|Any CPU.Build.0 = Debug|Any CPU
		{DF727102-82EA-4DE0-A6CC-56ADC57E8B6D}.Release|Any CPU.ActiveCfg = Release|Any CPU
		{DF727102-82EA-4DE0-A6CC-56ADC57E8B6D}.Release|Any CPU.Build.0 = Release|Any CPU
	EndGlobalSection
	GlobalSection(SolutionProperties) = preSolution
		HideSolutionNode = FALSE
	EndGlobalSection
	GlobalSection(ExtensibilityGlobals) = postSolution
		SolutionGuid = {51AA5152-A026-44EA-90AD-EEC7E9341CFC}
	EndGlobalSection
EndGlobal
