
Microsoft Visual Studio Solution File, Format Version 12.00
# Visual Studio 15
VisualStudioVersion = 15.0.28010.2050
MinimumVisualStudioVersion = 10.0.40219.1
Project("{FAE04EC0-301F-11D3-BF4B-00C04F79EFBC}") = "Participations", "Participations\Participations.csproj", "{A31A38AE-1976-46E4-98DB-738A6AD499BD}"
EndProject
Global
	GlobalSection(SolutionConfigurationPlatforms) = preSolution
		Debug|Any CPU = Debug|Any CPU
		Release|Any CPU = Release|Any CPU
	EndGlobalSection
	GlobalSection(ProjectConfigurationPlatforms) = postSolution
		{A31A38AE-1976-46E4-98DB-738A6AD499BD}.Debug|Any CPU.ActiveCfg = Debug|Any CPU
		{A31A38AE-1976-46E4-98DB-738A6AD499BD}.Debug|Any CPU.Build.0 = Debug|Any CPU
		{A31A38AE-1976-46E4-98DB-738A6AD499BD}.Release|Any CPU.ActiveCfg = Release|Any CPU
		{A31A38AE-1976-46E4-98DB-738A6AD499BD}.Release|Any CPU.Build.0 = Release|Any CPU
	EndGlobalSection
	GlobalSection(SolutionProperties) = preSolution
		HideSolutionNode = FALSE
	EndGlobalSection
	GlobalSection(ExtensibilityGlobals) = postSolution
		SolutionGuid = {D2EF96E9-9511-407B-B698-E924E742D141}
	EndGlobalSection
EndGlobal
